
Microsoft Visual Studio Solution File, Format Version 12.00
# Visual Studio Version 17
VisualStudioVersion = 17.11.35312.102
MinimumVisualStudioVersion = 10.0.40219.1
Project("{9A19103F-16F7-4668-BE54-9A1E7A4F7556}") = "WebAPIN5", "WebAPIN5.csproj", "{99271EE8-0A88-4EF7-9BA6-A5AAD057AC16}"
EndProject
Project("{9A19103F-16F7-4668-BE54-9A1E7A4F7556}") = "TestAPIN5", "..\TestAPIN5\TestAPIN5.csproj", "{6555F473-157F-4530-AB57-AE72AE9C83C0}"
EndProject
Global
	GlobalSection(SolutionConfigurationPlatforms) = preSolution
		Debug|Any CPU = Debug|Any CPU
		Release|Any CPU = Release|Any CPU
	EndGlobalSection
	GlobalSection(ProjectConfigurationPlatforms) = postSolution
		{99271EE8-0A88-4EF7-9BA6-A5AAD057AC16}.Debug|Any CPU.ActiveCfg = Debug|Any CPU
		{99271EE8-0A88-4EF7-9BA6-A5AAD057AC16}.Debug|Any CPU.Build.0 = Debug|Any CPU
		{99271EE8-0A88-4EF7-9BA6-A5AAD057AC16}.Release|Any CPU.ActiveCfg = Release|Any CPU
		{99271EE8-0A88-4EF7-9BA6-A5AAD057AC16}.Release|Any CPU.Build.0 = Release|Any CPU
		{6555F473-157F-4530-AB57-AE72AE9C83C0}.Debug|Any CPU.ActiveCfg = Debug|Any CPU
		{6555F473-157F-4530-AB57-AE72AE9C83C0}.Debug|Any CPU.Build.0 = Debug|Any CPU
		{6555F473-157F-4530-AB57-AE72AE9C83C0}.Release|Any CPU.ActiveCfg = Release|Any CPU
		{6555F473-157F-4530-AB57-AE72AE9C83C0}.Release|Any CPU.Build.0 = Release|Any CPU
	EndGlobalSection
	GlobalSection(SolutionProperties) = preSolution
		HideSolutionNode = FALSE
	EndGlobalSection
	GlobalSection(ExtensibilityGlobals) = postSolution
		SolutionGuid = {196A4400-F8E5-4E7D-A682-383971B76FEC}
	EndGlobalSection
EndGlobal
